
Microsoft Visual Studio Solution File, Format Version 12.00
Project("{FAE04EC0-301F-11D3-BF4B-00C04F79EFBC}") = "Eventbus.Contract", "Eventbus.Contract\Eventbus.Contract.csproj", "{A6783824-5FF0-4DFF-9C03-5E7CC88A7FA4}"
EndProject
Project("{FAE04EC0-301F-11D3-BF4B-00C04F79EFBC}") = "Eventbus.Generator", "Eventbus.Generator\Eventbus.Generator.csproj", "{84B5432D-DFDF-4D37-82AF-AB4081BB7A22}"
EndProject
Global
	GlobalSection(SolutionConfigurationPlatforms) = preSolution
		Debug|Any CPU = Debug|Any CPU
		Release|Any CPU = Release|Any CPU
	EndGlobalSection
	GlobalSection(ProjectConfigurationPlatforms) = postSolution
		{A6783824-5FF0-4DFF-9C03-5E7CC88A7FA4}.Debug|Any CPU.ActiveCfg = Debug|Any CPU
		{A6783824-5FF0-4DFF-9C03-5E7CC88A7FA4}.Debug|Any CPU.Build.0 = Debug|Any CPU
		{A6783824-5FF0-4DFF-9C03-5E7CC88A7FA4}.Release|Any CPU.ActiveCfg = Release|Any CPU
		{A6783824-5FF0-4DFF-9C03-5E7CC88A7FA4}.Release|Any CPU.Build.0 = Release|Any CPU
		{84B5432D-DFDF-4D37-82AF-AB4081BB7A22}.Debug|Any CPU.ActiveCfg = Debug|Any CPU
		{84B5432D-DFDF-4D37-82AF-AB4081BB7A22}.Debug|Any CPU.Build.0 = Debug|Any CPU
		{84B5432D-DFDF-4D37-82AF-AB4081BB7A22}.Release|Any CPU.ActiveCfg = Release|Any CPU
		{84B5432D-DFDF-4D37-82AF-AB4081BB7A22}.Release|Any CPU.Build.0 = Release|Any CPU
	EndGlobalSection
EndGlobal
